
Microsoft Visual Studio Solution File, Format Version 12.00
# Visual Studio Version 17
VisualStudioVersion = 17.8.34511.84
MinimumVisualStudioVersion = 10.0.40219.1
Project("{FAE04EC0-301F-11D3-BF4B-00C04F79EFBC}") = "controls_sitemap", "controls_sitemap\controls_sitemap.csproj", "{A3575822-10CF-4FC4-8A5B-BC1ED862FA5B}"
EndProject
Global
	GlobalSection(SolutionConfigurationPlatforms) = preSolution
		Debug|Any CPU = Debug|Any CPU
		Release|Any CPU = Release|Any CPU
	EndGlobalSection
	GlobalSection(ProjectConfigurationPlatforms) = postSolution
		{A3575822-10CF-4FC4-8A5B-BC1ED862FA5B}.Debug|Any CPU.ActiveCfg = Debug|Any CPU
		{A3575822-10CF-4FC4-8A5B-BC1ED862FA5B}.Debug|Any CPU.Build.0 = Debug|Any CPU
		{A3575822-10CF-4FC4-8A5B-BC1ED862FA5B}.Release|Any CPU.ActiveCfg = Release|Any CPU
		{A3575822-10CF-4FC4-8A5B-BC1ED862FA5B}.Release|Any CPU.Build.0 = Release|Any CPU
	EndGlobalSection
	GlobalSection(SolutionProperties) = preSolution
		HideSolutionNode = FALSE
	EndGlobalSection
	GlobalSection(ExtensibilityGlobals) = postSolution
		SolutionGuid = {4A5FC7CE-5DE8-45EA-9FE1-38B95171B135}
	EndGlobalSection
EndGlobal
